// !$*UTF8*$!
{
	archiveVersion = 1;
	classes = {
	};
	objectVersion = 48;
	objects = {

/* Begin PBXBuildFile section */
		2B5579AB1F68465300A585AE /* BarcodeDetectionScene.swift in Sources */ = {isa = PBXBuildFile; fileRef = 2B5579AA1F68465300A585AE /* BarcodeDetectionScene.swift */; };
		2BD4174D1F6503C8008FC254 /* AppDelegate.swift in Sources */ = {isa = PBXBuildFile; fileRef = 2BD4174C1F6503C8008FC254 /* AppDelegate.swift */; };
		2BD4174F1F6503C8008FC254 /* Scene.sks in Resources */ = {isa = PBXBuildFile; fileRef = 2BD4174E1F6503C8008FC254 /* Scene.sks */; };
		2BD417511F6503C8008FC254 /* Scene.swift in Sources */ = {isa = PBXBuildFile; fileRef = 2BD417501F6503C8008FC254 /* Scene.swift */; };
		2BD417531F6503C8008FC254 /* ViewController.swift in Sources */ = {isa = PBXBuildFile; fileRef = 2BD417521F6503C8008FC254 /* ViewController.swift */; };
		2BD417561F6503C8008FC254 /* Main.storyboard in Resources */ = {isa = PBXBuildFile; fileRef = 2BD417541F6503C8008FC254 /* Main.storyboard */; };
		2BD417581F6503C8008FC254 /* Assets.xcassets in Resources */ = {isa = PBXBuildFile; fileRef = 2BD417571F6503C8008FC254 /* Assets.xcassets */; };
		2BD4175B1F6503C8008FC254 /* LaunchScreen.storyboard in Resources */ = {isa = PBXBuildFile; fileRef = 2BD417591F6503C8008FC254 /* LaunchScreen.storyboard */; };
		2BD417661F6503C8008FC254 /* JogoDaMemoriaTests.swift in Sources */ = {isa = PBXBuildFile; fileRef = 2BD417651F6503C8008FC254 /* JogoDaMemoriaTests.swift */; };
		2BD417711F6503C8008FC254 /* JogoDaMemoriaUITests.swift in Sources */ = {isa = PBXBuildFile; fileRef = 2BD417701F6503C8008FC254 /* JogoDaMemoriaUITests.swift */; };
		2BF9FB3E1F6B0470007DA389 /* BarcodeDetectionScene.sks in Resources */ = {isa = PBXBuildFile; fileRef = 2BF9FB3D1F6B0470007DA389 /* BarcodeDetectionScene.sks */; };
/* End PBXBuildFile section */

/* Begin PBXContainerItemProxy section */
		2BD417621F6503C8008FC254 /* PBXContainerItemProxy */ = {
			isa = PBXContainerItemProxy;
			containerPortal = 2BD417411F6503C8008FC254 /* Project object */;
			proxyType = 1;
			remoteGlobalIDString = 2BD417481F6503C8008FC254;
			remoteInfo = JogoDaMemoria;
		};
		2BD4176D1F6503C8008FC254 /* PBXContainerItemProxy */ = {
			isa = PBXContainerItemProxy;
			containerPortal = 2BD417411F6503C8008FC254 /* Project object */;
			proxyType = 1;
			remoteGlobalIDString = 2BD417481F6503C8008FC254;
			remoteInfo = JogoDaMemoria;
		};
/* End PBXContainerItemProxy section */

/* Begin PBXFileReference section */
		2B5579AA1F68465300A585AE /* BarcodeDetectionScene.swift */ = {isa = PBXFileReference; lastKnownFileType = sourcecode.swift; path = BarcodeDetectionScene.swift; sourceTree = "<group>"; };
		2BD417491F6503C8008FC254 /* JogoDaMemoria.app */ = {isa = PBXFileReference; explicitFileType = wrapper.application; includeInIndex = 0; path = JogoDaMemoria.app; sourceTree = BUILT_PRODUCTS_DIR; };
		2BD4174C1F6503C8008FC254 /* AppDelegate.swift */ = {isa = PBXFileReference; lastKnownFileType = sourcecode.swift; path = AppDelegate.swift; sourceTree = "<group>"; };
		2BD4174E1F6503C8008FC254 /* Scene.sks */ = {isa = PBXFileReference; lastKnownFileType = file.sks; path = Scene.sks; sourceTree = "<group>"; };
		2BD417501F6503C8008FC254 /* Scene.swift */ = {isa = PBXFileReference; lastKnownFileType = sourcecode.swift; path = Scene.swift; sourceTree = "<group>"; };
		2BD417521F6503C8008FC254 /* ViewController.swift */ = {isa = PBXFileReference; lastKnownFileType = sourcecode.swift; path = ViewController.swift; sourceTree = "<group>"; };
		2BD417551F6503C8008FC254 /* Base */ = {isa = PBXFileReference; lastKnownFileType = file.storyboard; name = Base; path = Base.lproj/Main.storyboard; sourceTree = "<group>"; };
		2BD417571F6503C8008FC254 /* Assets.xcassets */ = {isa = PBXFileReference; lastKnownFileType = folder.assetcatalog; path = Assets.xcassets; sourceTree = "<group>"; };
		2BD4175A1F6503C8008FC254 /* Base */ = {isa = PBXFileReference; lastKnownFileType = file.storyboard; name = Base; path = Base.lproj/LaunchScreen.storyboard; sourceTree = "<group>"; };
		2BD4175C1F6503C8008FC254 /* Info.plist */ = {isa = PBXFileReference; lastKnownFileType = text.plist.xml; path = Info.plist; sourceTree = "<group>"; };
		2BD417611F6503C8008FC254 /* JogoDaMemoriaTests.xctest */ = {isa = PBXFileReference; explicitFileType = wrapper.cfbundle; includeInIndex = 0; path = JogoDaMemoriaTests.xctest; sourceTree = BUILT_PRODUCTS_DIR; };
		2BD417651F6503C8008FC254 /* JogoDaMemoriaTests.swift */ = {isa = PBXFileReference; lastKnownFileType = sourcecode.swift; path = JogoDaMemoriaTests.swift; sourceTree = "<group>"; };
		2BD417671F6503C8008FC254 /* Info.plist */ = {isa = PBXFileReference; lastKnownFileType = text.plist.xml; path = Info.plist; sourceTree = "<group>"; };
		2BD4176C1F6503C8008FC254 /* JogoDaMemoriaUITests.xctest */ = {isa = PBXFileReference; explicitFileType = wrapper.cfbundle; includeInIndex = 0; path = JogoDaMemoriaUITests.xctest; sourceTree = BUILT_PRODUCTS_DIR; };
		2BD417701F6503C8008FC254 /* JogoDaMemoriaUITests.swift */ = {isa = PBXFileReference; lastKnownFileType = sourcecode.swift; path = JogoDaMemoriaUITests.swift; sourceTree = "<group>"; };
		2BD417721F6503C8008FC254 /* Info.plist */ = {isa = PBXFileReference; lastKnownFileType = text.plist.xml; path = Info.plist; sourceTree = "<group>"; };
		2BF9FB3D1F6B0470007DA389 /* BarcodeDetectionScene.sks */ = {isa = PBXFileReference; lastKnownFileType = file.sks; path = BarcodeDetectionScene.sks; sourceTree = "<group>"; };
/* End PBXFileReference section */

/* Begin PBXFrameworksBuildPhase section */
		2BD417461F6503C8008FC254 /* Frameworks */ = {
			isa = PBXFrameworksBuildPhase;
			buildActionMask = 2147483647;
			files = (
			);
			runOnlyForDeploymentPostprocessing = 0;
		};
		2BD4175E1F6503C8008FC254 /* Frameworks */ = {
			isa = PBXFrameworksBuildPhase;
			buildActionMask = 2147483647;
			files = (
			);
			runOnlyForDeploymentPostprocessing = 0;
		};
		2BD417691F6503C8008FC254 /* Frameworks */ = {
			isa = PBXFrameworksBuildPhase;
			buildActionMask = 2147483647;
			files = (
			);
			runOnlyForDeploymentPostprocessing = 0;
		};
/* End PBXFrameworksBuildPhase section */

/* Begin PBXGroup section */
		2BD417401F6503C8008FC254 = {
			isa = PBXGroup;
			children = (
				2BD4174B1F6503C8008FC254 /* JogoDaMemoria */,
				2BD417641F6503C8008FC254 /* JogoDaMemoriaTests */,
				2BD4176F1F6503C8008FC254 /* JogoDaMemoriaUITests */,
				2BD4174A1F6503C8008FC254 /* Products */,
			);
			sourceTree = "<group>";
		};
		2BD4174A1F6503C8008FC254 /* Products */ = {
			isa = PBXGroup;
			children = (
				2BD417491F6503C8008FC254 /* JogoDaMemoria.app */,
				2BD417611F6503C8008FC254 /* JogoDaMemoriaTests.xctest */,
				2BD4176C1F6503C8008FC254 /* JogoDaMemoriaUITests.xctest */,
			);
			name = Products;
			sourceTree = "<group>";
		};
		2BD4174B1F6503C8008FC254 /* JogoDaMemoria */ = {
			isa = PBXGroup;
			children = (
				2BD4174C1F6503C8008FC254 /* AppDelegate.swift */,
				2BD4174E1F6503C8008FC254 /* Scene.sks */,
				2BD417501F6503C8008FC254 /* Scene.swift */,
				2BD417521F6503C8008FC254 /* ViewController.swift */,
				2BD417541F6503C8008FC254 /* Main.storyboard */,
				2BD417571F6503C8008FC254 /* Assets.xcassets */,
				2BD417591F6503C8008FC254 /* LaunchScreen.storyboard */,
				2BD4175C1F6503C8008FC254 /* Info.plist */,
				2B5579AA1F68465300A585AE /* BarcodeDetectionScene.swift */,
				2BF9FB3D1F6B0470007DA389 /* BarcodeDetectionScene.sks */,
			);
			path = JogoDaMemoria;
			sourceTree = "<group>";
		};
		2BD417641F6503C8008FC254 /* JogoDaMemoriaTests */ = {
			isa = PBXGroup;
			children = (
				2BD417651F6503C8008FC254 /* JogoDaMemoriaTests.swift */,
				2BD417671F6503C8008FC254 /* Info.plist */,
			);
			path = JogoDaMemoriaTests;
			sourceTree = "<group>";
		};
		2BD4176F1F6503C8008FC254 /* JogoDaMemoriaUITests */ = {
			isa = PBXGroup;
			children = (
				2BD417701F6503C8008FC254 /* JogoDaMemoriaUITests.swift */,
				2BD417721F6503C8008FC254 /* Info.plist */,
			);
			path = JogoDaMemoriaUITests;
			sourceTree = "<group>";
		};
/* End PBXGroup section */

/* Begin PBXNativeTarget section */
		2BD417481F6503C8008FC254 /* JogoDaMemoria */ = {
			isa = PBXNativeTarget;
			buildConfigurationList = 2BD417751F6503C8008FC254 /* Build configuration list for PBXNativeTarget "JogoDaMemoria" */;
			buildPhases = (
				2BD417451F6503C8008FC254 /* Sources */,
				2BD417461F6503C8008FC254 /* Frameworks */,
				2BD417471F6503C8008FC254 /* Resources */,
			);
			buildRules = (
			);
			dependencies = (
			);
			name = JogoDaMemoria;
			productName = JogoDaMemoria;
			productReference = 2BD417491F6503C8008FC254 /* JogoDaMemoria.app */;
			productType = "com.apple.product-type.application";
		};
		2BD417601F6503C8008FC254 /* JogoDaMemoriaTests */ = {
			isa = PBXNativeTarget;
			buildConfigurationList = 2BD417781F6503C8008FC254 /* Build configuration list for PBXNativeTarget "JogoDaMemoriaTests" */;
			buildPhases = (
				2BD4175D1F6503C8008FC254 /* Sources */,
				2BD4175E1F6503C8008FC254 /* Frameworks */,
				2BD4175F1F6503C8008FC254 /* Resources */,
			);
			buildRules = (
			);
			dependencies = (
				2BD417631F6503C8008FC254 /* PBXTargetDependency */,
			);
			name = JogoDaMemoriaTests;
			productName = JogoDaMemoriaTests;
			productReference = 2BD417611F6503C8008FC254 /* JogoDaMemoriaTests.xctest */;
			productType = "com.apple.product-type.bundle.unit-test";
		};
		2BD4176B1F6503C8008FC254 /* JogoDaMemoriaUITests */ = {
			isa = PBXNativeTarget;
			buildConfigurationList = 2BD4177B1F6503C8008FC254 /* Build configuration list for PBXNativeTarget "JogoDaMemoriaUITests" */;
			buildPhases = (
				2BD417681F6503C8008FC254 /* Sources */,
				2BD417691F6503C8008FC254 /* Frameworks */,
				2BD4176A1F6503C8008FC254 /* Resources */,
			);
			buildRules = (
			);
			dependencies = (
				2BD4176E1F6503C8008FC254 /* PBXTargetDependency */,
			);
			name = JogoDaMemoriaUITests;
			productName = JogoDaMemoriaUITests;
			productReference = 2BD4176C1F6503C8008FC254 /* JogoDaMemoriaUITests.xctest */;
			productType = "com.apple.product-type.bundle.ui-testing";
		};
/* End PBXNativeTarget section */

/* Begin PBXProject section */
		2BD417411F6503C8008FC254 /* Project object */ = {
			isa = PBXProject;
			attributes = {
				LastSwiftUpdateCheck = 0900;
				LastUpgradeCheck = 0900;
				ORGANIZATIONNAME = ian;
				TargetAttributes = {
					2BD417481F6503C8008FC254 = {
						CreatedOnToolsVersion = 9.0;
						ProvisioningStyle = Automatic;
					};
					2BD417601F6503C8008FC254 = {
						CreatedOnToolsVersion = 9.0;
						ProvisioningStyle = Automatic;
						TestTargetID = 2BD417481F6503C8008FC254;
					};
					2BD4176B1F6503C8008FC254 = {
						CreatedOnToolsVersion = 9.0;
						ProvisioningStyle = Automatic;
						TestTargetID = 2BD417481F6503C8008FC254;
					};
				};
			};
			buildConfigurationList = 2BD417441F6503C8008FC254 /* Build configuration list for PBXProject "JogoDaMemoria" */;
			compatibilityVersion = "Xcode 8.0";
			developmentRegion = en;
			hasScannedForEncodings = 0;
			knownRegions = (
				en,
				Base,
			);
			mainGroup = 2BD417401F6503C8008FC254;
			productRefGroup = 2BD4174A1F6503C8008FC254 /* Products */;
			projectDirPath = "";
			projectRoot = "";
			targets = (
				2BD417481F6503C8008FC254 /* JogoDaMemoria */,
				2BD417601F6503C8008FC254 /* JogoDaMemoriaTests */,
				2BD4176B1F6503C8008FC254 /* JogoDaMemoriaUITests */,
			);
		};
/* End PBXProject section */

/* Begin PBXResourcesBuildPhase section */
		2BD417471F6503C8008FC254 /* Resources */ = {
			isa = PBXResourcesBuildPhase;
			buildActionMask = 2147483647;
			files = (
				2BD4174F1F6503C8008FC254 /* Scene.sks in Resources */,
				2BD4175B1F6503C8008FC254 /* LaunchScreen.storyboard in Resources */,
				2BF9FB3E1F6B0470007DA389 /* BarcodeDetectionScene.sks in Resources */,
				2BD417581F6503C8008FC254 /* Assets.xcassets in Resources */,
				2BD417561F6503C8008FC254 /* Main.storyboard in Resources */,
			);
			runOnlyForDeploymentPostprocessing = 0;
		};
		2BD4175F1F6503C8008FC254 /* Resources */ = {
			isa = PBXResourcesBuildPhase;
			buildActionMask = 2147483647;
			files = (
			);
			runOnlyForDeploymentPostprocessing = 0;
		};
		2BD4176A1F6503C8008FC254 /* Resources */ = {
			isa = PBXResourcesBuildPhase;
			buildActionMask = 2147483647;
			files = (
			);
			runOnlyForDeploymentPostprocessing = 0;
		};
/* End PBXResourcesBuildPhase section */

/* Begin PBXSourcesBuildPhase section */
		2BD417451F6503C8008FC254 /* Sources */ = {
			isa = PBXSourcesBuildPhase;
			buildActionMask = 2147483647;
			files = (
				2BD417531F6503C8008FC254 /* ViewController.swift in Sources */,
				2BD417511F6503C8008FC254 /* Scene.swift in Sources */,
				2BD4174D1F6503C8008FC254 /* AppDelegate.swift in Sources */,
				2B5579AB1F68465300A585AE /* BarcodeDetectionScene.swift in Sources */,
			);
			runOnlyForDeploymentPostprocessing = 0;
		};
		2BD4175D1F6503C8008FC254 /* Sources */ = {
			isa = PBXSourcesBuildPhase;
			buildActionMask = 2147483647;
			files = (
				2BD417661F6503C8008FC254 /* JogoDaMemoriaTests.swift in Sources */,
			);
			runOnlyForDeploymentPostprocessing = 0;
		};
		2BD417681F6503C8008FC254 /* Sources */ = {
			isa = PBXSourcesBuildPhase;
			buildActionMask = 2147483647;
			files = (
				2BD417711F6503C8008FC254 /* JogoDaMemoriaUITests.swift in Sources */,
			);
			runOnlyForDeploymentPostprocessing = 0;
		};
/* End PBXSourcesBuildPhase section */

/* Begin PBXTargetDependency section */
		2BD417631F6503C8008FC254 /* PBXTargetDependency */ = {
			isa = PBXTargetDependency;
			target = 2BD417481F6503C8008FC254 /* JogoDaMemoria */;
			targetProxy = 2BD417621F6503C8008FC254 /* PBXContainerItemProxy */;
		};
		2BD4176E1F6503C8008FC254 /* PBXTargetDependency */ = {
			isa = PBXTargetDependency;
			target = 2BD417481F6503C8008FC254 /* JogoDaMemoria */;
			targetProxy = 2BD4176D1F6503C8008FC254 /* PBXContainerItemProxy */;
		};
/* End PBXTargetDependency section */

/* Begin PBXVariantGroup section */
		2BD417541F6503C8008FC254 /* Main.storyboard */ = {
			isa = PBXVariantGroup;
			children = (
				2BD417551F6503C8008FC254 /* Base */,
			);
			name = Main.storyboard;
			sourceTree = "<group>";
		};
		2BD417591F6503C8008FC254 /* LaunchScreen.storyboard */ = {
			isa = PBXVariantGroup;
			children = (
				2BD4175A1F6503C8008FC254 /* Base */,
			);
			name = LaunchScreen.storyboard;
			sourceTree = "<group>";
		};
/* End PBXVariantGroup section */

/* Begin XCBuildConfiguration section */
		2BD417731F6503C8008FC254 /* Debug */ = {
			isa = XCBuildConfiguration;
			buildSettings = {
				ALWAYS_SEARCH_USER_PATHS = NO;
				CLANG_ANALYZER_NONNULL = YES;
				CLANG_ANALYZER_NUMBER_OBJECT_CONVERSION = YES_AGGRESSIVE;
				CLANG_CXX_LANGUAGE_STANDARD = "gnu++14";
				CLANG_CXX_LIBRARY = "libc++";
				CLANG_ENABLE_MODULES = YES;
				CLANG_ENABLE_OBJC_ARC = YES;
				CLANG_WARN_BLOCK_CAPTURE_AUTORELEASING = YES;
				CLANG_WARN_BOOL_CONVERSION = YES;
				CLANG_WARN_COMMA = YES;
				CLANG_WARN_CONSTANT_CONVERSION = YES;
				CLANG_WARN_DIRECT_OBJC_ISA_USAGE = YES_ERROR;
				CLANG_WARN_DOCUMENTATION_COMMENTS = YES;
				CLANG_WARN_EMPTY_BODY = YES;
				CLANG_WARN_ENUM_CONVERSION = YES;
				CLANG_WARN_INFINITE_RECURSION = YES;
				CLANG_WARN_INT_CONVERSION = YES;
				CLANG_WARN_NON_LITERAL_NULL_CONVERSION = YES;
				CLANG_WARN_OBJC_LITERAL_CONVERSION = YES;
				CLANG_WARN_OBJC_ROOT_CLASS = YES_ERROR;
				CLANG_WARN_RANGE_LOOP_ANALYSIS = YES;
				CLANG_WARN_STRICT_PROTOTYPES = YES;
				CLANG_WARN_SUSPICIOUS_MOVE = YES;
				CLANG_WARN_UNGUARDED_AVAILABILITY = YES_AGGRESSIVE;
				CLANG_WARN_UNREACHABLE_CODE = YES;
				CLANG_WARN__DUPLICATE_METHOD_MATCH = YES;
				CODE_SIGN_IDENTITY = "iPhone Developer";
				COPY_PHASE_STRIP = NO;
				DEBUG_INFORMATION_FORMAT = dwarf;
				ENABLE_STRICT_OBJC_MSGSEND = YES;
				ENABLE_TESTABILITY = YES;
				GCC_C_LANGUAGE_STANDARD = gnu11;
				GCC_DYNAMIC_NO_PIC = NO;
				GCC_NO_COMMON_BLOCKS = YES;
				GCC_OPTIMIZATION_LEVEL = 0;
				GCC_PREPROCESSOR_DEFINITIONS = (
					"DEBUG=1",
					"$(inherited)",
				);
				GCC_WARN_64_TO_32_BIT_CONVERSION = YES;
				GCC_WARN_ABOUT_RETURN_TYPE = YES_ERROR;
				GCC_WARN_UNDECLARED_SELECTOR = YES;
				GCC_WARN_UNINITIALIZED_AUTOS = YES_AGGRESSIVE;
				GCC_WARN_UNUSED_FUNCTION = YES;
				GCC_WARN_UNUSED_VARIABLE = YES;
				IPHONEOS_DEPLOYMENT_TARGET = 11.0;
				MTL_ENABLE_DEBUG_INFO = YES;
				ONLY_ACTIVE_ARCH = YES;
				SDKROOT = iphoneos;
				SWIFT_ACTIVE_COMPILATION_CONDITIONS = DEBUG;
				SWIFT_OPTIMIZATION_LEVEL = "-Onone";
			};
			name = Debug;
		};
		2BD417741F6503C8008FC254 /* Release */ = {
			isa = XCBuildConfiguration;
			buildSettings = {
				ALWAYS_SEARCH_USER_PATHS = NO;
				CLANG_ANALYZER_NONNULL = YES;
				CLANG_ANALYZER_NUMBER_OBJECT_CONVERSION = YES_AGGRESSIVE;
				CLANG_CXX_LANGUAGE_STANDARD = "gnu++14";
				CLANG_CXX_LIBRARY = "libc++";
				CLANG_ENABLE_MODULES = YES;
				CLANG_ENABLE_OBJC_ARC = YES;
				CLANG_WARN_BLOCK_CAPTURE_AUTORELEASING = YES;
				CLANG_WARN_BOOL_CONVERSION = YES;
				CLANG_WARN_COMMA = YES;
				CLANG_WARN_CONSTANT_CONVERSION = YES;
				CLANG_WARN_DIRECT_OBJC_ISA_USAGE = YES_ERROR;
				CLANG_WARN_DOCUMENTATION_COMMENTS = YES;
				CLANG_WARN_EMPTY_BODY = YES;
				CLANG_WARN_ENUM_CONVERSION = YES;
				CLANG_WARN_INFINITE_RECURSION = YES;
				CLANG_WARN_INT_CONVERSION = YES;
				CLANG_WARN_NON_LITERAL_NULL_CONVERSION = YES;
				CLANG_WARN_OBJC_LITERAL_CONVERSION = YES;
				CLANG_WARN_OBJC_ROOT_CLASS = YES_ERROR;
				CLANG_WARN_RANGE_LOOP_ANALYSIS = YES;
				CLANG_WARN_STRICT_PROTOTYPES = YES;
				CLANG_WARN_SUSPICIOUS_MOVE = YES;
				CLANG_WARN_UNGUARDED_AVAILABILITY = YES_AGGRESSIVE;
				CLANG_WARN_UNREACHABLE_CODE = YES;
				CLANG_WARN__DUPLICATE_METHOD_MATCH = YES;
				CODE_SIGN_IDENTITY = "iPhone Developer";
				COPY_PHASE_STRIP = NO;
				DEBUG_INFORMATION_FORMAT = "dwarf-with-dsym";
				ENABLE_NS_ASSERTIONS = NO;
				ENABLE_STRICT_OBJC_MSGSEND = YES;
				GCC_C_LANGUAGE_STANDARD = gnu11;
				GCC_NO_COMMON_BLOCKS = YES;
				GCC_WARN_64_TO_32_BIT_CONVERSION = YES;
				GCC_WARN_ABOUT_RETURN_TYPE = YES_ERROR;
				GCC_WARN_UNDECLARED_SELECTOR = YES;
				GCC_WARN_UNINITIALIZED_AUTOS = YES_AGGRESSIVE;
				GCC_WARN_UNUSED_FUNCTION = YES;
				GCC_WARN_UNUSED_VARIABLE = YES;
				IPHONEOS_DEPLOYMENT_TARGET = 11.0;
				MTL_ENABLE_DEBUG_INFO = NO;
				SDKROOT = iphoneos;
				SWIFT_OPTIMIZATION_LEVEL = "-Owholemodule";
				VALIDATE_PRODUCT = YES;
			};
			name = Release;
		};
		2BD417761F6503C8008FC254 /* Debug */ = {
			isa = XCBuildConfiguration;
			buildSettings = {
				ASSETCATALOG_COMPILER_APPICON_NAME = AppIcon;
				CODE_SIGN_STYLE = Automatic;
				DEVELOPMENT_TEAM = 4WDGXAFZJ6;
				INFOPLIST_FILE = JogoDaMemoria/Info.plist;
				LD_RUNPATH_SEARCH_PATHS = "$(inherited) @executable_path/Frameworks";
				PRODUCT_BUNDLE_IDENTIFIER = com.ian.JogoDaMemoria;
				PRODUCT_NAME = "$(TARGET_NAME)";
				SWIFT_VERSION = 4.0;
				TARGETED_DEVICE_FAMILY = "1,2";
			};
			name = Debug;
		};
		2BD417771F6503C8008FC254 /* Release */ = {
			isa = XCBuildConfiguration;
			buildSettings = {
				ASSETCATALOG_COMPILER_APPICON_NAME = AppIcon;
				CODE_SIGN_STYLE = Automatic;
				DEVELOPMENT_TEAM = 4WDGXAFZJ6;
				INFOPLIST_FILE = JogoDaMemoria/Info.plist;
				LD_RUNPATH_SEARCH_PATHS = "$(inherited) @executable_path/Frameworks";
				PRODUCT_BUNDLE_IDENTIFIER = com.ian.JogoDaMemoria;
				PRODUCT_NAME = "$(TARGET_NAME)";
				SWIFT_VERSION = 4.0;
				TARGETED_DEVICE_FAMILY = "1,2";
			};
			name = Release;
		};
		2BD417791F6503C8008FC254 /* Debug */ = {
			isa = XCBuildConfiguration;
			buildSettings = {
				ALWAYS_EMBED_SWIFT_STANDARD_LIBRARIES = YES;
				BUNDLE_LOADER = "$(TEST_HOST)";
				CODE_SIGN_STYLE = Automatic;
				INFOPLIST_FILE = JogoDaMemoriaTests/Info.plist;
				LD_RUNPATH_SEARCH_PATHS = "$(inherited) @executable_path/Frameworks @loader_path/Frameworks";
				PRODUCT_BUNDLE_IDENTIFIER = com.ian.JogoDaMemoriaTests;
				PRODUCT_NAME = "$(TARGET_NAME)";
				SWIFT_VERSION = 4.0;
				TARGETED_DEVICE_FAMILY = "1,2";
				TEST_HOST = "$(BUILT_PRODUCTS_DIR)/JogoDaMemoria.app/JogoDaMemoria";
			};
			name = Debug;
		};
		2BD4177A1F6503C8008FC254 /* Release */ = {
			isa = XCBuildConfiguration;
			buildSettings = {
				ALWAYS_EMBED_SWIFT_STANDARD_LIBRARIES = YES;
				BUNDLE_LOADER = "$(TEST_HOST)";
				CODE_SIGN_STYLE = Automatic;
				INFOPLIST_FILE = JogoDaMemoriaTests/Info.plist;
				LD_RUNPATH_SEARCH_PATHS = "$(inherited) @executable_path/Frameworks @loader_path/Frameworks";
				PRODUCT_BUNDLE_IDENTIFIER = com.ian.JogoDaMemoriaTests;
				PRODUCT_NAME = "$(TARGET_NAME)";
				SWIFT_VERSION = 4.0;
				TARGETED_DEVICE_FAMILY = "1,2";
				TEST_HOST = "$(BUILT_PRODUCTS_DIR)/JogoDaMemoria.app/JogoDaMemoria";
			};
			name = Release;
		};
		2BD4177C1F6503C8008FC254 /* Debug */ = {
			isa = XCBuildConfiguration;
			buildSettings = {
				ALWAYS_EMBED_SWIFT_STANDARD_LIBRARIES = YES;
				CODE_SIGN_STYLE = Automatic;
				INFOPLIST_FILE = JogoDaMemoriaUITests/Info.plist;
				LD_RUNPATH_SEARCH_PATHS = "$(inherited) @executable_path/Frameworks @loader_path/Frameworks";
				PRODUCT_BUNDLE_IDENTIFIER = com.ian.JogoDaMemoriaUITests;
				PRODUCT_NAME = "$(TARGET_NAME)";
				SWIFT_VERSION = 4.0;
				TARGETED_DEVICE_FAMILY = "1,2";
				TEST_TARGET_NAME = JogoDaMemoria;
			};
			name = Debug;
		};
		2BD4177D1F6503C8008FC254 /* Release */ = {
			isa = XCBuildConfiguration;
			buildSettings = {
				ALWAYS_EMBED_SWIFT_STANDARD_LIBRARIES = YES;
				CODE_SIGN_STYLE = Automatic;
				INFOPLIST_FILE = JogoDaMemoriaUITests/Info.plist;
				LD_RUNPATH_SEARCH_PATHS = "$(inherited) @executable_path/Frameworks @loader_path/Frameworks";
				PRODUCT_BUNDLE_IDENTIFIER = com.ian.JogoDaMemoriaUITests;
				PRODUCT_NAME = "$(TARGET_NAME)";
				SWIFT_VERSION = 4.0;
				TARGETED_DEVICE_FAMILY = "1,2";
				TEST_TARGET_NAME = JogoDaMemoria;
			};
			name = Release;
		};
/* End XCBuildConfiguration section */

/* Begin XCConfigurationList section */
		2BD417441F6503C8008FC254 /* Build configuration list for PBXProject "JogoDaMemoria" */ = {
			isa = XCConfigurationList;
			buildConfigurations = (
				2BD417731F6503C8008FC254 /* Debug */,
				2BD417741F6503C8008FC254 /* Release */,
			);
			defaultConfigurationIsVisible = 0;
			defaultConfigurationName = Release;
		};
		2BD417751F6503C8008FC254 /* Build configuration list for PBXNativeTarget "JogoDaMemoria" */ = {
			isa = XCConfigurationList;
			buildConfigurations = (
				2BD417761F6503C8008FC254 /* Debug */,
				2BD417771F6503C8008FC254 /* Release */,
			);
			defaultConfigurationIsVisible = 0;
			defaultConfigurationName = Release;
		};
		2BD417781F6503C8008FC254 /* Build configuration list for PBXNativeTarget "JogoDaMemoriaTests" */ = {
			isa = XCConfigurationList;
			buildConfigurations = (
				2BD417791F6503C8008FC254 /* Debug */,
				2BD4177A1F6503C8008FC254 /* Release */,
			);
			defaultConfigurationIsVisible = 0;
			defaultConfigurationName = Release;
		};
		2BD4177B1F6503C8008FC254 /* Build configuration list for PBXNativeTarget "JogoDaMemoriaUITests" */ = {
			isa = XCConfigurationList;
			buildConfigurations = (
				2BD4177C1F6503C8008FC254 /* Debug */,
				2BD4177D1F6503C8008FC254 /* Release */,
			);
			defaultConfigurationIsVisible = 0;
			defaultConfigurationName = Release;
		};
/* End XCConfigurationList section */
	};
	rootObject = 2BD417411F6503C8008FC254 /* Project object */;
}
